
Microsoft Visual Studio Solution File, Format Version 12.00
# Visual Studio 14
VisualStudioVersion = 14.0.25420.1
MinimumVisualStudioVersion = 10.0.40219.1
Project("{8BC9CEB8-8B4A-11D0-8D11-00A0C91BC942}") = "vector_add", "vector_add\vector_add.vcxproj", "{A8D0EFA5-629D-4AFC-87F6-0C649DA54B89}"
EndProject
Project("{8BC9CEB8-8B4A-11D0-8D11-00A0C91BC942}") = "convolution_2d", "convolution_2d\convolution_2d.vcxproj", "{167FA046-451B-4FD1-B969-62F9C0C142BF}"
EndProject
Global
	GlobalSection(SolutionConfigurationPlatforms) = preSolution
		Debug|x64 = Debug|x64
		Release|x64 = Release|x64
	EndGlobalSection
	GlobalSection(ProjectConfigurationPlatforms) = postSolution
		{A8D0EFA5-629D-4AFC-87F6-0C649DA54B89}.Debug|x64.ActiveCfg = Debug|x64
		{A8D0EFA5-629D-4AFC-87F6-0C649DA54B89}.Debug|x64.Build.0 = Debug|x64
		{A8D0EFA5-629D-4AFC-87F6-0C649DA54B89}.Release|x64.ActiveCfg = Release|x64
		{A8D0EFA5-629D-4AFC-87F6-0C649DA54B89}.Release|x64.Build.0 = Release|x64
		{167FA046-451B-4FD1-B969-62F9C0C142BF}.Debug|x64.ActiveCfg = Debug|x64
		{167FA046-451B-4FD1-B969-62F9C0C142BF}.Debug|x64.Build.0 = Debug|x64
		{167FA046-451B-4FD1-B969-62F9C0C142BF}.Release|x64.ActiveCfg = Release|x64
		{167FA046-451B-4FD1-B969-62F9C0C142BF}.Release|x64.Build.0 = Release|x64
	EndGlobalSection
	GlobalSection(SolutionProperties) = preSolution
		HideSolutionNode = FALSE
	EndGlobalSection
EndGlobal
